
Microsoft Visual Studio Solution File, Format Version 12.00
# Visual Studio Version 17
VisualStudioVersion = 17.6.33815.320
MinimumVisualStudioVersion = 10.0.40219.1
Project("{FAE04EC0-301F-11D3-BF4B-00C04F79EFBC}") = "Ejemplo1", "Ejemplo1\Ejemplo1.csproj", "{0A99F515-619A-4A0F-9288-0C40287C1939}"
EndProject
Project("{FAE04EC0-301F-11D3-BF4B-00C04F79EFBC}") = "Ejemplo2", "Ejemplo2\Ejemplo2.csproj", "{3368DA90-18BF-41D7-A36F-B30E5F36401E}"
EndProject
Project("{FAE04EC0-301F-11D3-BF4B-00C04F79EFBC}") = "Ejemplo3", "Ejemplo3\Ejemplo3.csproj", "{99598410-44B8-428C-AA43-4EFBA8783836}"
EndProject
Project("{FAE04EC0-301F-11D3-BF4B-00C04F79EFBC}") = "Ejemplo4", "Ejemplo4\Ejemplo4.csproj", "{4114203D-7DEA-4ADD-A1FA-59A15E5D86F6}"
EndProject
Project("{FAE04EC0-301F-11D3-BF4B-00C04F79EFBC}") = "Ejemplo5", "Ejemplo5\Ejemplo5.csproj", "{6BA0E11D-AA35-4E17-93FB-04D867FA2A1E}"
EndProject
Global
	GlobalSection(SolutionConfigurationPlatforms) = preSolution
		Debug|Any CPU = Debug|Any CPU
		Release|Any CPU = Release|Any CPU
	EndGlobalSection
	GlobalSection(ProjectConfigurationPlatforms) = postSolution
		{0A99F515-619A-4A0F-9288-0C40287C1939}.Debug|Any CPU.ActiveCfg = Debug|Any CPU
		{0A99F515-619A-4A0F-9288-0C40287C1939}.Debug|Any CPU.Build.0 = Debug|Any CPU
		{0A99F515-619A-4A0F-9288-0C40287C1939}.Release|Any CPU.ActiveCfg = Release|Any CPU
		{0A99F515-619A-4A0F-9288-0C40287C1939}.Release|Any CPU.Build.0 = Release|Any CPU
		{3368DA90-18BF-41D7-A36F-B30E5F36401E}.Debug|Any CPU.ActiveCfg = Debug|Any CPU
		{3368DA90-18BF-41D7-A36F-B30E5F36401E}.Debug|Any CPU.Build.0 = Debug|Any CPU
		{3368DA90-18BF-41D7-A36F-B30E5F36401E}.Release|Any CPU.ActiveCfg = Release|Any CPU
		{3368DA90-18BF-41D7-A36F-B30E5F36401E}.Release|Any CPU.Build.0 = Release|Any CPU
		{99598410-44B8-428C-AA43-4EFBA8783836}.Debug|Any CPU.ActiveCfg = Debug|Any CPU
		{99598410-44B8-428C-AA43-4EFBA8783836}.Debug|Any CPU.Build.0 = Debug|Any CPU
		{99598410-44B8-428C-AA43-4EFBA8783836}.Release|Any CPU.ActiveCfg = Release|Any CPU
		{99598410-44B8-428C-AA43-4EFBA8783836}.Release|Any CPU.Build.0 = Release|Any CPU
		{4114203D-7DEA-4ADD-A1FA-59A15E5D86F6}.Debug|Any CPU.ActiveCfg = Debug|Any CPU
		{4114203D-7DEA-4ADD-A1FA-59A15E5D86F6}.Debug|Any CPU.Build.0 = Debug|Any CPU
		{4114203D-7DEA-4ADD-A1FA-59A15E5D86F6}.Release|Any CPU.ActiveCfg = Release|Any CPU
		{4114203D-7DEA-4ADD-A1FA-59A15E5D86F6}.Release|Any CPU.Build.0 = Release|Any CPU
		{6BA0E11D-AA35-4E17-93FB-04D867FA2A1E}.Debug|Any CPU.ActiveCfg = Debug|Any CPU
		{6BA0E11D-AA35-4E17-93FB-04D867FA2A1E}.Debug|Any CPU.Build.0 = Debug|Any CPU
		{6BA0E11D-AA35-4E17-93FB-04D867FA2A1E}.Release|Any CPU.ActiveCfg = Release|Any CPU
		{6BA0E11D-AA35-4E17-93FB-04D867FA2A1E}.Release|Any CPU.Build.0 = Release|Any CPU
	EndGlobalSection
	GlobalSection(SolutionProperties) = preSolution
		HideSolutionNode = FALSE
	EndGlobalSection
	GlobalSection(ExtensibilityGlobals) = postSolution
		SolutionGuid = {8AA1ECEC-7213-493E-93E8-9641113BE4AB}
	EndGlobalSection
EndGlobal
